
Microsoft Visual Studio Solution File, Format Version 12.00
# Visual Studio Version 16
VisualStudioVersion = 25.0.1706.8
MinimumVisualStudioVersion = 10.0.40219.1
Project("{FAE04EC0-301F-11D3-BF4B-00C04F79EFBC}") = "grocery-app-tests", "grocery-app-tests.csproj", "{F6DAD239-11CB-49AD-BB3B-E79D35A49E14}"
EndProject
Global
	GlobalSection(SolutionConfigurationPlatforms) = preSolution
		Debug|Any CPU = Debug|Any CPU
		Release|Any CPU = Release|Any CPU
	EndGlobalSection
	GlobalSection(ProjectConfigurationPlatforms) = postSolution
		{F6DAD239-11CB-49AD-BB3B-E79D35A49E14}.Debug|Any CPU.ActiveCfg = Debug|Any CPU
		{F6DAD239-11CB-49AD-BB3B-E79D35A49E14}.Debug|Any CPU.Build.0 = Debug|Any CPU
		{F6DAD239-11CB-49AD-BB3B-E79D35A49E14}.Release|Any CPU.ActiveCfg = Release|Any CPU
		{F6DAD239-11CB-49AD-BB3B-E79D35A49E14}.Release|Any CPU.Build.0 = Release|Any CPU
	EndGlobalSection
	GlobalSection(SolutionProperties) = preSolution
		HideSolutionNode = FALSE
	EndGlobalSection
	GlobalSection(ExtensibilityGlobals) = postSolution
		SolutionGuid = {FA4C7E8A-6E8C-45A0-B8C6-C9DBBF32BA07}
	EndGlobalSection
EndGlobal
